# THIS IS AN AUTOGENERATED FILE. DO NOT EDIT THIS FILE DIRECTLY.
# yarn lockfile v1


async@2.6.0:
  version "2.6.0"
  resolved "https://registry.yarnpkg.com/async/-/async-2.6.0.tgz#61a29abb6fcc026fea77e56d1c6ec53a795951f4"
  integrity sha512-xAfGg1/NTLBBKlHFmnd7PlmUW9KhVQIUuSrYem9xzFUZy13ScvtyGGejaae9iAVRiRq9+Cx7DPFaAAhCpyxyPw==
  dependencies:
    lodash "^4.14.0"

balanced-match@^1.0.0:
  version "1.0.2"
  resolved "https://registry.yarnpkg.com/balanced-match/-/balanced-match-1.0.2.tgz#e83e3a7e3f300b34cb9d87f615fa0cbf357690ee"
  integrity sha512-3oSeUO0TMV67hN1AmbXsK4yaqU7tjiHlbxRDZOpH0KW9+CeX4bRAaX0Anxt0tx2MrpRpWwQaPwIlISEJhYU5Pw==

brace-expansion@^1.1.7:
  version "1.1.11"
  resolved "https://registry.yarnpkg.com/brace-expansion/-/brace-expansion-1.1.11.tgz#3c7fcbf529d87226f3d2f52b966ff5271eb441dd"
  integrity sha512-iCuPHDFgrHX7H2vEI/5xpz07zSHB00TpugqhmYtVmMO6518mCuRMoOYFldEBl0g187ufozdaHgWKcYFb61qGiA==
  dependencies:
    balanced-match "^1.0.0"
    concat-map "0.0.1"

concat-map@0.0.1:
  version "0.0.1"
  resolved "https://registry.yarnpkg.com/concat-map/-/concat-map-0.0.1.tgz#d8a96bd77fd68df7793a73036a3ba0d5405d477b"
  integrity sha512-/Srv4dswyQNBfohGpz9o6Yb3Gz3SrUDqBH5rTuhGR7ahtlbYKnVxw2bCFMRljaA7EXHaXZ8wsHdodFvbkhKmqg==

deepmerge@2.1.0:
  version "2.1.0"
  resolved "https://registry.yarnpkg.com/deepmerge/-/deepmerge-2.1.0.tgz#511a54fff405fc346f0240bb270a3e9533a31102"
  integrity sha512-Q89Z26KAfA3lpPGhbF6XMfYAm3jIV3avViy6KOJ2JLzFbeWHOvPQUu5aSJIWXap3gDZC2y1eF5HXEPI2wGqgvw==

fs.realpath@^1.0.0:
  version "1.0.0"
  resolved "https://registry.yarnpkg.com/fs.realpath/-/fs.realpath-1.0.0.tgz#1504ad2523158caa40db4a2787cb01411994ea4f"
  integrity sha512-OO0pH2lK6a0hZnAdau5ItzHPI6pUlvI7jMVnxUQRtw4owF2wk8lOSabtGDCTP4Ggrg2MbGnWO9X8K1t4+fGMDw==

glob@7.1.2:
  version "7.1.2"
  resolved "https://registry.yarnpkg.com/glob/-/glob-7.1.2.tgz#c19c9df9a028702d678612384a6552404c636d15"
  integrity sha512-MJTUg1kjuLeQCJ+ccE4Vpa6kKVXkPYJ2mOCQyUuKLcLQsdrMCpBPUi8qVE6+YuaJkozeA9NusTAw3hLr8Xe5EQ==
  dependencies:
    fs.realpath "^1.0.0"
    inflight "^1.0.4"
    inherits "2"
    minimatch "^3.0.4"
    once "^1.3.0"
    path-is-absolute "^1.0.0"

inflight@^1.0.4:
  version "1.0.6"
  resolved "https://registry.yarnpkg.com/inflight/-/inflight-1.0.6.tgz#49bd6331d7d02d0c09bc910a1075ba8165b56df9"
  integrity sha512-k92I/b08q4wvFscXCLvqfsHCrjrF7yiXsQuIVvVE7N82W3+aqpzuUdBbfhWcy/FZR3/4IgflMgKLOsvPDrGCJA==
  dependencies:
    once "^1.3.0"
    wrappy "1"

inherits@2:
  version "2.0.4"
  resolved "https://registry.yarnpkg.com/inherits/-/inherits-2.0.4.tgz#0fa2c64f932917c3433a0ded55363aae37416b7c"
  integrity sha512-k/vGaX4/Yla3WzyMCvTQOXYeIHvqOKtnqBduzTHpzpQZzAskKMhZ2K+EnBiSM9zGSoIFeMpXKxa4dYeZIQqewQ==

lodash@4.17.5:
  version "4.17.5"
  resolved "https://registry.yarnpkg.com/lodash/-/lodash-4.17.5.tgz#99a92d65c0272debe8c96b6057bc8fbfa3bed511"
  integrity sha512-svL3uiZf1RwhH+cWrfZn3A4+U58wbP0tGVTLQPbjplZxZ8ROD9VLuNgsRniTlLe7OlSqR79RUehXgpBW/s0IQw==

lodash@^4.14.0:
  version "4.17.21"
  resolved "https://registry.yarnpkg.com/lodash/-/lodash-4.17.21.tgz#679591c564c3bffaae8454cf0b3df370c3d6911c"
  integrity sha512-v2kDEe57lecTulaDIuNTPy3Ry4gLGJ6Z1O3vE1krgXZNrsQ+LFTGHVxVjcXPs17LhbZVGedAJv8XZ1tvj5FvSg==

lokijs@1.5.3:
  version "1.5.3"
  resolved "https://registry.yarnpkg.com/lokijs/-/lokijs-1.5.3.tgz#6952722ffa3049a55a5e1c10ee4a0947a3e5e19b"
  integrity sha512-JWXhI5ZQz9ruWrXHzpR66PJtAVKYG6SCnd6PvqIsOIjLkSDdkVwZSqeg8NBWixq5TMGagJNr6sfppeL6HAA8Sg==

minimatch@^3.0.4:
  version "3.1.2"
  resolved "https://registry.yarnpkg.com/minimatch/-/minimatch-3.1.2.tgz#19cd194bfd3e428f049a70817c038d89ab4be35b"
  integrity sha512-J7p63hRiAjw1NDEww1W7i37+ByIrOWO5XQQAzZ3VOcL0PNybwpfmV/N05zFAzwQ9USyEcX6t3UO+K5aqBQOIHw==
  dependencies:
    brace-expansion "^1.1.7"

ocaml-language-server@^1.0.35:
  version "1.0.35"
  resolved "https://registry.yarnpkg.com/ocaml-language-server/-/ocaml-language-server-1.0.35.tgz#e80dab2d40a73b0eb629efc724a7b98581f801d1"
  integrity sha512-9RS7+KyrmFFL2BZLjIBjLToqbDTKDTAoCGrQDm8eYgKie/ep6UnodGuvZgRaM9HOQ8RDzBh4rE3CfGdNsggD4g==
  dependencies:
    async "2.6.0"
    deepmerge "2.1.0"
    glob "7.1.2"
    lodash "4.17.5"
    lokijs "1.5.3"
    pegjs "0.10.0"
    vscode-jsonrpc "3.6.0"
    vscode-languageclient "4.0.1"
    vscode-languageserver "4.0.0"
    vscode-languageserver-protocol "3.6.0"
    vscode-uri "1.0.3"

once@^1.3.0:
  version "1.4.0"
  resolved "https://registry.yarnpkg.com/once/-/once-1.4.0.tgz#583b1aa775961d4b113ac17d9c50baef9dd76bd1"
  integrity sha512-lNaJgI+2Q5URQBkccEKHTQOPaXdUxnZZElQTZY0MFUAuaEqe1E+Nyvgdz/aIyNi6Z9MzO5dv1H8n58/GELp3+w==
  dependencies:
    wrappy "1"

path-is-absolute@^1.0.0:
  version "1.0.1"
  resolved "https://registry.yarnpkg.com/path-is-absolute/-/path-is-absolute-1.0.1.tgz#174b9268735534ffbc7ace6bf53a5a9e1b5c5f5f"
  integrity sha512-AVbw3UJ2e9bq64vSaS9Am0fje1Pa8pbGqTTsmXfaIiMpnr5DlDhfJOuLj9Sf95ZPVDAUerDfEk88MPmPe7UCQg==

pegjs@0.10.0:
  version "0.10.0"
  resolved "https://registry.yarnpkg.com/pegjs/-/pegjs-0.10.0.tgz#cf8bafae6eddff4b5a7efb185269eaaf4610ddbd"
  integrity sha512-qI5+oFNEGi3L5HAxDwN2LA4Gg7irF70Zs25edhjld9QemOgp0CbvMtbFcMvFtEo1OityPrcCzkQFB8JP/hxgow==

vscode-jsonrpc@3.6.0:
  version "3.6.0"
  resolved "https://registry.yarnpkg.com/vscode-jsonrpc/-/vscode-jsonrpc-3.6.0.tgz#848d56995d5168950d84feb5d9c237ae5c6a02d4"
  integrity sha512-PqHHjuTlz3ks0vyZv3IkdduJReA/lqe6OP5zRl5nXn2ptMLW++fBotNyayyZEQLIF6nNrx/Rn6WhMSHElf02Yw==

vscode-jsonrpc@8.0.2:
  version "8.0.2"
  resolved "https://registry.yarnpkg.com/vscode-jsonrpc/-/vscode-jsonrpc-8.0.2.tgz#f239ed2cd6004021b6550af9fd9d3e47eee3cac9"
  integrity sha512-RY7HwI/ydoC1Wwg4gJ3y6LpU9FJRZAUnTYMXthqhFXXu77ErDd/xkREpGuk4MyYkk4a+XDWAMqe0S3KkelYQEQ==

vscode-jsonrpc@^3.6.0:
  version "3.6.2"
  resolved "https://registry.yarnpkg.com/vscode-jsonrpc/-/vscode-jsonrpc-3.6.2.tgz#3b5eef691159a15556ecc500e9a8a0dd143470c8"
  integrity sha512-T24Jb5V48e4VgYliUXMnZ379ItbrXgOimweKaJshD84z+8q7ZOZjJan0MeDe+Ugb+uqERDVV8SBmemaGMSMugA==

vscode-languageclient@4.0.1:
  version "4.0.1"
  resolved "https://registry.yarnpkg.com/vscode-languageclient/-/vscode-languageclient-4.0.1.tgz#70a3d98afa62b12bf932a5c987c8a73cee195017"
  integrity sha512-0fuBZj9pMkeJ8OMyIvSGeRaRVhUaJt+yeFxi7a3sz/AbrngQdcxOovMXPgKuieoBSBKS05gXPS88BsWpJZfBkA==
  dependencies:
    vscode-languageserver-protocol "^3.6.0"

vscode-languageserver-protocol@3.6.0:
  version "3.6.0"
  resolved "https://registry.yarnpkg.com/vscode-languageserver-protocol/-/vscode-languageserver-protocol-3.6.0.tgz#579642cdcccf74b0cd771c33daa3239acb40d040"
  integrity sha512-PN5hVQQQxrtHSZR8UCstqaoI9f2H9JctFTtdIpONWjzQNurWrc48qSXXU/vTfnbSrNou8qrJgkZ4QEZsyozOMA==
  dependencies:
    vscode-jsonrpc "^3.6.0"
    vscode-languageserver-types "^3.6.0"

vscode-languageserver-protocol@^3.6.0:
  version "3.17.2"
  resolved "https://registry.yarnpkg.com/vscode-languageserver-protocol/-/vscode-languageserver-protocol-3.17.2.tgz#beaa46aea06ed061576586c5e11368a9afc1d378"
  integrity sha512-8kYisQ3z/SQ2kyjlNeQxbkkTNmVFoQCqkmGrzLH6A9ecPlgTbp3wDTnUNqaUxYr4vlAcloxx8zwy7G5WdguYNg==
  dependencies:
    vscode-jsonrpc "8.0.2"
    vscode-languageserver-types "3.17.2"

vscode-languageserver-types@3.17.2, vscode-languageserver-types@^3.6.0:
  version "3.17.2"
  resolved "https://registry.yarnpkg.com/vscode-languageserver-types/-/vscode-languageserver-types-3.17.2.tgz#b2c2e7de405ad3d73a883e91989b850170ffc4f2"
  integrity sha512-zHhCWatviizPIq9B7Vh9uvrH6x3sK8itC84HkamnBWoDFJtzBf7SWlpLCZUit72b3os45h6RWQNC9xHRDF8dRA==

vscode-languageserver@4.0.0:
  version "4.0.0"
  resolved "https://registry.yarnpkg.com/vscode-languageserver/-/vscode-languageserver-4.0.0.tgz#8b792f0d6d10acfe363d02371ed4ce53d08af88a"
  integrity sha512-bxj9nRadNkXYfVG/fjA5a+KA5WaJCeP1F2Tnj3rYFS0pKALZQCPNqk3KO/LdiGFidjyICMG7xoHvYO9J9xosXg==
  dependencies:
    vscode-languageserver-protocol "^3.6.0"
    vscode-uri "^1.0.1"

vscode-uri@1.0.3:
  version "1.0.3"
  resolved "https://registry.yarnpkg.com/vscode-uri/-/vscode-uri-1.0.3.tgz#631bdbf716dccab0e65291a8dc25c23232085a52"
  integrity sha512-UU2mUJfedXt88AuhOj8vSkyWYiusf+zVdaFTme1C6l4k3ja8teTYpRt7C6wToIq7Jnph1fGYYmsaLQuqI+B46g==

vscode-uri@^1.0.1:
  version "1.0.8"
  resolved "https://registry.yarnpkg.com/vscode-uri/-/vscode-uri-1.0.8.tgz#9769aaececae4026fb6e22359cb38946580ded59"
  integrity sha512-obtSWTlbJ+a+TFRYGaUumtVwb+InIUVI0Lu0VBUAPmj2cU5JutEXg3xUE0c2J5Tcy7h2DEKVJBFi+Y9ZSFzzPQ==

wrappy@1:
  version "1.0.2"
  resolved "https://registry.yarnpkg.com/wrappy/-/wrappy-1.0.2.tgz#b5243d8f3ec1aa35f1364605bc0d1036e30ab69f"
  integrity sha512-l4Sp/DRseor9wL6EvV2+TuQn63dMkPjZ/sp9XkghTEbV9KlPS1xUsZ3u7/IQO4wxtcFB4bgpQPRcR3QCvezPcQ==
